
Microsoft Visual Studio Solution File, Format Version 12.00
# Visual Studio 15
VisualStudioVersion = 15.0.27130.0
MinimumVisualStudioVersion = 10.0.40219.1
Project("{8BC9CEB8-8B4A-11D0-8D11-00A0C91BC942}") = "Hallo Welt", "Hallo Welt\Hallo Welt.vcxproj", "{CADA5C47-3892-48EA-B5CA-BE1B50C9E1F0}"
EndProject
Project("{8BC9CEB8-8B4A-11D0-8D11-00A0C91BC942}") = "Kombinierte Umrechnung", "Kombinierte Umrechnung\Kombinierte Umrechnung\Kombinierte Umrechnung.vcxproj", "{90DBFEA2-F5DD-4F06-9069-D12828D250A0}"
EndProject
Project("{8BC9CEB8-8B4A-11D0-8D11-00A0C91BC942}") = "Position im Alphabet", "Position im Alphabet\Position im Alphabet\Position im Alphabet.vcxproj", "{AC5CF37E-6515-4E07-A799-7F83D8954D39}"
EndProject
Project("{8BC9CEB8-8B4A-11D0-8D11-00A0C91BC942}") = "Umrechnung Celsius in Fahrenheit", "Umrechnung Celsius in Fahrenheit\Umrechnung Celsius in Fahrenheit\Umrechnung Celsius in Fahrenheit.vcxproj", "{E33E47F2-2B5B-489C-9BD6-63B65015EDB4}"
EndProject
Project("{8BC9CEB8-8B4A-11D0-8D11-00A0C91BC942}") = "Umrechnung Euro in US Dollar", "Umrechnung Euro in US Dollar\Umrechnung Euro in US Dollar\Umrechnung Euro in US Dollar.vcxproj", "{EDF335DE-65A2-4C8F-B269-7D7CC73971D4}"
EndProject
Project("{8BC9CEB8-8B4A-11D0-8D11-00A0C91BC942}") = "Umrechnung Meter in Fuß", "Umrechnung Meter in Fuß\Umrechnung Meter in Fuß\Umrechnung Meter in Fuß.vcxproj", "{71AF83CF-E60F-4473-95AE-D4DD7D48B055}"
EndProject
Project("{2150E333-8FDC-42A3-9474-1A3956D46DE8}") = "Termin 01", "Termin 01", "{9513D5F5-CDA5-447D-9B30-812E9D9E84B9}"
EndProject
Project("{2150E333-8FDC-42A3-9474-1A3956D46DE8}") = "Termin 02", "Termin 02", "{544CB3D7-9E63-4C39-A8B1-4B9B765693DE}"
EndProject
Project("{2150E333-8FDC-42A3-9474-1A3956D46DE8}") = "Termin 03", "Termin 03", "{F8FCF21E-D56C-4C8B-93F2-02FC7DE9C5D9}"
EndProject
Project("{8BC9CEB8-8B4A-11D0-8D11-00A0C91BC942}") = "Aufgabe_3.01", "Aufgabe_3.01\Aufgabe_3.01.vcxproj", "{82628E7E-A90E-4EF5-87C1-7406582010FA}"
EndProject
Project("{8BC9CEB8-8B4A-11D0-8D11-00A0C91BC942}") = "Aufgabe_3.02", "Aufgabe_3.02\Aufgabe_3.02.vcxproj", "{6E48A67A-4178-4E0F-9AD0-DA486B21DF1B}"
EndProject
Project("{8BC9CEB8-8B4A-11D0-8D11-00A0C91BC942}") = "Aufgabe_3.03", "Aufgabe_3.03\Aufgabe_3.03.vcxproj", "{8A3E4CD7-25DE-4C35-A9F1-7FD58D68734D}"
EndProject
Project("{2150E333-8FDC-42A3-9474-1A3956D46DE8}") = "Termin 04", "Termin 04", "{81E73995-05C5-4064-90BE-FCCFFB68E51E}"
EndProject
Project("{8BC9CEB8-8B4A-11D0-8D11-00A0C91BC942}") = "Aufgabe_4.01", "Aufgabe_4.01\Aufgabe_4.01.vcxproj", "{5A26AC18-737D-44CD-8B2E-3F23C70241D2}"
EndProject
Project("{8BC9CEB8-8B4A-11D0-8D11-00A0C91BC942}") = "Aufgabe_4.02", "Aufgabe_4.02\Aufgabe_4.02.vcxproj", "{6E3C5759-D0AB-4976-A904-26C491CE0622}"
EndProject
Project("{8BC9CEB8-8B4A-11D0-8D11-00A0C91BC942}") = "Aufgabe_4.03", "Aufgabe_4.03\Aufgabe_4.03.vcxproj", "{12B288AB-18F3-4415-A93E-BA001748DBF9}"
EndProject
Project("{2150E333-8FDC-42A3-9474-1A3956D46DE8}") = "Offline Aufgaben", "Offline Aufgaben", "{BB5E6C7E-9AA6-4EB2-9312-58BC0D453B51}"
EndProject
Project("{8BC9CEB8-8B4A-11D0-8D11-00A0C91BC942}") = "Offline_04_03", "Offline_04_03\Offline_04_03.vcxproj", "{9AF1FDF9-2C4A-4FCA-9C49-ABB9392808C3}"
EndProject
Project("{8BC9CEB8-8B4A-11D0-8D11-00A0C91BC942}") = "Offline_05_04", "Offline_05_04\Offline_05_04.vcxproj", "{21054A51-C89F-428E-A860-CC066C34CD7B}"
EndProject
Project("{2150E333-8FDC-42A3-9474-1A3956D46DE8}") = "Termin 06", "Termin 06", "{E5407E4D-DF7E-43CC-90F3-AF6EEA378D47}"
EndProject
Project("{8BC9CEB8-8B4A-11D0-8D11-00A0C91BC942}") = "Aufgabe_6.01", "Aufgabe_06.01\Aufgabe_06.01.vcxproj", "{371EBDE2-CCA4-4773-B91B-058A74CA7880}"
EndProject
Project("{8BC9CEB8-8B4A-11D0-8D11-00A0C91BC942}") = "Aufgabe_6.02", "Aufgabe_6.02\Aufgabe_6.02.vcxproj", "{9006C941-A3CA-4FD7-82BF-93882F45AF85}"
EndProject
Project("{8BC9CEB8-8B4A-11D0-8D11-00A0C91BC942}") = "Aufgabe_6.03", "Aufgabe_6.03\Aufgabe_6.03.vcxproj", "{DB52FA01-6E35-46BD-A49D-66F25A24BF37}"
EndProject
Project("{2150E333-8FDC-42A3-9474-1A3956D46DE8}") = "Termin 07", "Termin 07", "{D8659DD8-C0F0-47AF-9679-638FC2325855}"
EndProject
Project("{8BC9CEB8-8B4A-11D0-8D11-00A0C91BC942}") = "Aufgabe_7.01", "Aufgabe_7.01\Aufgabe_7.01.vcxproj", "{566F857F-C9C3-4568-B357-7D9AEB6E4569}"
EndProject
Project("{8BC9CEB8-8B4A-11D0-8D11-00A0C91BC942}") = "Aufgabe_7.02", "Aufgabe_7.02\Aufgabe_7.02.vcxproj", "{8A3F90A0-6501-4E4B-9A67-897B37472410}"
EndProject
Project("{8BC9CEB8-8B4A-11D0-8D11-00A0C91BC942}") = "Offline_02_01", "Offline_02_01\Offline_02_01.vcxproj", "{C3B08E9C-6462-4109-A5C7-9A0C6E1B1F73}"
EndProject
Project("{8BC9CEB8-8B4A-11D0-8D11-00A0C91BC942}") = "Offline_02_02", "Offline_02_02\Offline_02_02.vcxproj", "{8CAD96A4-2C8E-481B-B1FA-E070D59E3E1E}"
EndProject
Project("{8BC9CEB8-8B4A-11D0-8D11-00A0C91BC942}") = "Offline_03_02", "Offline_03_02\Offline_03_02.vcxproj", "{D53C812D-48C1-4C43-A3ED-EFBDFF8EC994}"
EndProject
Project("{8BC9CEB8-8B4A-11D0-8D11-00A0C91BC942}") = "Offline_04_05", "Offline_04_05\Offline_04_05.vcxproj", "{E8A959D3-E8C2-4389-A6F8-B64CEF491DE3}"
EndProject
Project("{8BC9CEB8-8B4A-11D0-8D11-00A0C91BC942}") = "Offline_04_10", "Offline_04_10\Offline_04_10.vcxproj", "{B9E47B44-3141-4F4C-92B3-EC840599EF87}"
EndProject
Project("{2150E333-8FDC-42A3-9474-1A3956D46DE8}") = "Termin 08", "Termin 08", "{0E69C91F-E2CF-4460-97F2-ABBC07C2C45A}"
EndProject
Project("{8BC9CEB8-8B4A-11D0-8D11-00A0C91BC942}") = "Aufgabe_8.01", "Aufgabe_8.01\Aufgabe_8.01.vcxproj", "{4805F91D-C16B-4CA7-BF5E-5401AEEB98EA}"
EndProject
Project("{8BC9CEB8-8B4A-11D0-8D11-00A0C91BC942}") = "Aufgabe_8.02", "Aufgabe_8.02\Aufgabe_8.02.vcxproj", "{8EC24075-88CC-46DF-B7FF-84AB7D4756CB}"
EndProject
Project("{2150E333-8FDC-42A3-9474-1A3956D46DE8}") = "Termin 09", "Termin 09", "{77C273E0-618B-4D1D-AB4B-41A491D432F4}"
EndProject
Project("{8BC9CEB8-8B4A-11D0-8D11-00A0C91BC942}") = "Aufgabe_9.02", "Aufgabe_9.02\Aufgabe_9.02.vcxproj", "{EF55A7CE-02F8-4458-89C5-65D575FE0985}"
EndProject
Project("{8BC9CEB8-8B4A-11D0-8D11-00A0C91BC942}") = "Aufgabe_9.01", "Aufgabe_9.01\Aufgabe_9.01.vcxproj", "{B4E4FE2E-87D2-40BC-9BCB-F49EFD8E8959}"
EndProject
Project("{8BC9CEB8-8B4A-11D0-8D11-00A0C91BC942}") = "Aufgabe_9.03", "Aufgabe_9.03\Aufgabe_9.03.vcxproj", "{9562B9EE-25E2-4A78-868C-4B4D79B9D765}"
EndProject
Project("{2150E333-8FDC-42A3-9474-1A3956D46DE8}") = "Termin 10 MCD", "Termin 10 MCD", "{C8375303-BCD3-4034-94C6-C3A096440C9A}"
EndProject
Project("{8BC9CEB8-8B4A-11D0-8D11-00A0C91BC942}") = "Aufgabe_10.01_MCD", "Aufgabe_10.01\Aufgabe_10.01.vcxproj", "{48B4CE0B-5C3E-4894-B452-7CB9B3785723}"
EndProject
Project("{8BC9CEB8-8B4A-11D0-8D11-00A0C91BC942}") = "Aufgabe_10.02_MCD", "Aufgabe_10.02\Aufgabe_10.02.vcxproj", "{13190222-6342-4DD0-A843-974321CE2DCD}"
EndProject
Project("{2150E333-8FDC-42A3-9474-1A3956D46DE8}") = "MCD", "MCD", "{CCB5BECA-6AEE-4F49-94EC-A3E2B71125DB}"
EndProject
Project("{2150E333-8FDC-42A3-9474-1A3956D46DE8}") = "Termin 10", "Termin 10", "{D141A873-7317-4B8F-AF27-48CB869D890B}"
EndProject
Project("{8BC9CEB8-8B4A-11D0-8D11-00A0C91BC942}") = "Aufgabe_10.1", "Aufgabe_10.1\Aufgabe_10.1.vcxproj", "{06F2A500-41B6-42B9-88F8-4DD000F0305D}"
EndProject
Project("{8BC9CEB8-8B4A-11D0-8D11-00A0C91BC942}") = "Aufgabe_10.2", "Aufgabe_10.2\Aufgabe_10.2.vcxproj", "{EED0BFD9-84F9-494D-8788-2BB2618A7E40}"
EndProject
Project("{2150E333-8FDC-42A3-9474-1A3956D46DE8}") = "Termin 11", "Termin 11", "{0D915755-CA7B-4D66-A2AD-82B61251DF21}"
EndProject
Project("{8BC9CEB8-8B4A-11D0-8D11-00A0C91BC942}") = "Aufgabe_11.01", "Aufgabe_11.01\Aufgabe_11.01.vcxproj", "{10529E32-48E5-4553-A8FA-8F3D810812F7}"
EndProject
Project("{8BC9CEB8-8B4A-11D0-8D11-00A0C91BC942}") = "Aufgabe_11.03", "Aufgabe_11.03\Aufgabe_11.03.vcxproj", "{03586439-172F-4CC8-ACA7-2885BC0EF2DF}"
EndProject
Project("{8BC9CEB8-8B4A-11D0-8D11-00A0C91BC942}") = "Offline_05.01", "Offline_05.01\Offline_05.01.vcxproj", "{C1342846-8EE5-4148-B03C-BDD24A360F5D}"
EndProject
Project("{8BC9CEB8-8B4A-11D0-8D11-00A0C91BC942}") = "Offline_05.08", "Offline_05.08\Offline_05.08.vcxproj", "{F94E2E2C-9D08-4415-A482-D65B65C325B1}"
EndProject
Project("{8BC9CEB8-8B4A-11D0-8D11-00A0C91BC942}") = "Offline_06.01", "Offline_06.01\Offline_06.01.vcxproj", "{70B80600-F980-4F8B-9BFF-18FD33515E23}"
EndProject
Project("{8BC9CEB8-8B4A-11D0-8D11-00A0C91BC942}") = "Offline_06.03", "Offline_06.03\Offline_06.03.vcxproj", "{B028278B-1C7B-4714-B6EC-F41B958F9563}"
EndProject
Project("{8BC9CEB8-8B4A-11D0-8D11-00A0C91BC942}") = "Offline_08.01", "Offline_08.01\Offline_08.01.vcxproj", "{0972A4E3-C666-439F-8239-F0D9029F5556}"
EndProject
Project("{8BC9CEB8-8B4A-11D0-8D11-00A0C91BC942}") = "Offline_08.03", "Offline_08.03\Offline_08.03.vcxproj", "{BA6DA3ED-AC89-4013-9611-1AEE268D2850}"
EndProject
Project("{8BC9CEB8-8B4A-11D0-8D11-00A0C91BC942}") = "Offline_09.01", "Offline_09.01\Offline_09.01.vcxproj", "{0395AFCB-563E-4BC8-ADC8-16AE4AC9A6EE}"
EndProject
Project("{8BC9CEB8-8B4A-11D0-8D11-00A0C91BC942}") = "Offline_09.06", "Offline_09.06\Offline_09.06.vcxproj", "{CB3D3823-B5CB-4E20-9149-2581932ED28D}"
EndProject
Project("{2150E333-8FDC-42A3-9474-1A3956D46DE8}") = "Termin 12", "Termin 12", "{F1463356-AD47-41C2-803B-3E5E9CFC616F}"
EndProject
Project("{8BC9CEB8-8B4A-11D0-8D11-00A0C91BC942}") = "Aufgabe_12.01", "Aufgabe_12.01\Aufgabe_12.01.vcxproj", "{204E8D12-91DB-4120-ACE1-A9958034468F}"
EndProject
Project("{8BC9CEB8-8B4A-11D0-8D11-00A0C91BC942}") = "Aufgabe_12.02", "Aufgabe_12.02\Aufgabe_12.02.vcxproj", "{C4B1F68C-D0D1-4EAC-9198-CFE46FC3241F}"
EndProject
Project("{8BC9CEB8-8B4A-11D0-8D11-00A0C91BC942}") = "Aufgabe_12.02c", "Aufgabe_12.02c\Aufgabe_12.02c.vcxproj", "{D803580F-8B6B-48E7-A5F0-5C79204F6EE2}"
EndProject
Global
	GlobalSection(SolutionConfigurationPlatforms) = preSolution
		Debug|x64 = Debug|x64
		Debug|x86 = Debug|x86
		Release|x64 = Release|x64
		Release|x86 = Release|x86
	EndGlobalSection
	GlobalSection(ProjectConfigurationPlatforms) = postSolution
		{CADA5C47-3892-48EA-B5CA-BE1B50C9E1F0}.Debug|x64.ActiveCfg = Debug|x64
		{CADA5C47-3892-48EA-B5CA-BE1B50C9E1F0}.Debug|x64.Build.0 = Debug|x64
		{CADA5C47-3892-48EA-B5CA-BE1B50C9E1F0}.Debug|x86.ActiveCfg = Debug|Win32
		{CADA5C47-3892-48EA-B5CA-BE1B50C9E1F0}.Debug|x86.Build.0 = Debug|Win32
		{CADA5C47-3892-48EA-B5CA-BE1B50C9E1F0}.Release|x64.ActiveCfg = Release|x64
		{CADA5C47-3892-48EA-B5CA-BE1B50C9E1F0}.Release|x64.Build.0 = Release|x64
		{CADA5C47-3892-48EA-B5CA-BE1B50C9E1F0}.Release|x86.ActiveCfg = Release|Win32
		{CADA5C47-3892-48EA-B5CA-BE1B50C9E1F0}.Release|x86.Build.0 = Release|Win32
		{90DBFEA2-F5DD-4F06-9069-D12828D250A0}.Debug|x64.ActiveCfg = Debug|x64
		{90DBFEA2-F5DD-4F06-9069-D12828D250A0}.Debug|x64.Build.0 = Debug|x64
		{90DBFEA2-F5DD-4F06-9069-D12828D250A0}.Debug|x86.ActiveCfg = Debug|Win32
		{90DBFEA2-F5DD-4F06-9069-D12828D250A0}.Debug|x86.Build.0 = Debug|Win32
		{90DBFEA2-F5DD-4F06-9069-D12828D250A0}.Release|x64.ActiveCfg = Release|x64
		{90DBFEA2-F5DD-4F06-9069-D12828D250A0}.Release|x64.Build.0 = Release|x64
		{90DBFEA2-F5DD-4F06-9069-D12828D250A0}.Release|x86.ActiveCfg = Release|Win32
		{90DBFEA2-F5DD-4F06-9069-D12828D250A0}.Release|x86.Build.0 = Release|Win32
		{AC5CF37E-6515-4E07-A799-7F83D8954D39}.Debug|x64.ActiveCfg = Debug|x64
		{AC5CF37E-6515-4E07-A799-7F83D8954D39}.Debug|x64.Build.0 = Debug|x64
		{AC5CF37E-6515-4E07-A799-7F83D8954D39}.Debug|x86.ActiveCfg = Debug|Win32
		{AC5CF37E-6515-4E07-A799-7F83D8954D39}.Debug|x86.Build.0 = Debug|Win32
		{AC5CF37E-6515-4E07-A799-7F83D8954D39}.Release|x64.ActiveCfg = Release|x64
		{AC5CF37E-6515-4E07-A799-7F83D8954D39}.Release|x64.Build.0 = Release|x64
		{AC5CF37E-6515-4E07-A799-7F83D8954D39}.Release|x86.ActiveCfg = Release|Win32
		{AC5CF37E-6515-4E07-A799-7F83D8954D39}.Release|x86.Build.0 = Release|Win32
		{E33E47F2-2B5B-489C-9BD6-63B65015EDB4}.Debug|x64.ActiveCfg = Debug|x64
		{E33E47F2-2B5B-489C-9BD6-63B65015EDB4}.Debug|x64.Build.0 = Debug|x64
		{E33E47F2-2B5B-489C-9BD6-63B65015EDB4}.Debug|x86.ActiveCfg = Debug|Win32
		{E33E47F2-2B5B-489C-9BD6-63B65015EDB4}.Debug|x86.Build.0 = Debug|Win32
		{E33E47F2-2B5B-489C-9BD6-63B65015EDB4}.Release|x64.ActiveCfg = Release|x64
		{E33E47F2-2B5B-489C-9BD6-63B65015EDB4}.Release|x64.Build.0 = Release|x64
		{E33E47F2-2B5B-489C-9BD6-63B65015EDB4}.Release|x86.ActiveCfg = Release|Win32
		{E33E47F2-2B5B-489C-9BD6-63B65015EDB4}.Release|x86.Build.0 = Release|Win32
		{EDF335DE-65A2-4C8F-B269-7D7CC73971D4}.Debug|x64.ActiveCfg = Debug|x64
		{EDF335DE-65A2-4C8F-B269-7D7CC73971D4}.Debug|x64.Build.0 = Debug|x64
		{EDF335DE-65A2-4C8F-B269-7D7CC73971D4}.Debug|x86.ActiveCfg = Debug|Win32
		{EDF335DE-65A2-4C8F-B269-7D7CC73971D4}.Debug|x86.Build.0 = Debug|Win32
		{EDF335DE-65A2-4C8F-B269-7D7CC73971D4}.Release|x64.ActiveCfg = Release|x64
		{EDF335DE-65A2-4C8F-B269-7D7CC73971D4}.Release|x64.Build.0 = Release|x64
		{EDF335DE-65A2-4C8F-B269-7D7CC73971D4}.Release|x86.ActiveCfg = Release|Win32
		{EDF335DE-65A2-4C8F-B269-7D7CC73971D4}.Release|x86.Build.0 = Release|Win32
		{71AF83CF-E60F-4473-95AE-D4DD7D48B055}.Debug|x64.ActiveCfg = Debug|x64
		{71AF83CF-E60F-4473-95AE-D4DD7D48B055}.Debug|x64.Build.0 = Debug|x64
		{71AF83CF-E60F-4473-95AE-D4DD7D48B055}.Debug|x86.ActiveCfg = Debug|Win32
		{71AF83CF-E60F-4473-95AE-D4DD7D48B055}.Debug|x86.Build.0 = Debug|Win32
		{71AF83CF-E60F-4473-95AE-D4DD7D48B055}.Release|x64.ActiveCfg = Release|x64
		{71AF83CF-E60F-4473-95AE-D4DD7D48B055}.Release|x64.Build.0 = Release|x64
		{71AF83CF-E60F-4473-95AE-D4DD7D48B055}.Release|x86.ActiveCfg = Release|Win32
		{71AF83CF-E60F-4473-95AE-D4DD7D48B055}.Release|x86.Build.0 = Release|Win32
		{82628E7E-A90E-4EF5-87C1-7406582010FA}.Debug|x64.ActiveCfg = Debug|x64
		{82628E7E-A90E-4EF5-87C1-7406582010FA}.Debug|x64.Build.0 = Debug|x64
		{82628E7E-A90E-4EF5-87C1-7406582010FA}.Debug|x86.ActiveCfg = Debug|Win32
		{82628E7E-A90E-4EF5-87C1-7406582010FA}.Debug|x86.Build.0 = Debug|Win32
		{82628E7E-A90E-4EF5-87C1-7406582010FA}.Release|x64.ActiveCfg = Release|x64
		{82628E7E-A90E-4EF5-87C1-7406582010FA}.Release|x64.Build.0 = Release|x64
		{82628E7E-A90E-4EF5-87C1-7406582010FA}.Release|x86.ActiveCfg = Release|Win32
		{82628E7E-A90E-4EF5-87C1-7406582010FA}.Release|x86.Build.0 = Release|Win32
		{6E48A67A-4178-4E0F-9AD0-DA486B21DF1B}.Debug|x64.ActiveCfg = Debug|x64
		{6E48A67A-4178-4E0F-9AD0-DA486B21DF1B}.Debug|x64.Build.0 = Debug|x64
		{6E48A67A-4178-4E0F-9AD0-DA486B21DF1B}.Debug|x86.ActiveCfg = Debug|Win32
		{6E48A67A-4178-4E0F-9AD0-DA486B21DF1B}.Debug|x86.Build.0 = Debug|Win32
		{6E48A67A-4178-4E0F-9AD0-DA486B21DF1B}.Release|x64.ActiveCfg = Release|x64
		{6E48A67A-4178-4E0F-9AD0-DA486B21DF1B}.Release|x64.Build.0 = Release|x64
		{6E48A67A-4178-4E0F-9AD0-DA486B21DF1B}.Release|x86.ActiveCfg = Release|Win32
		{6E48A67A-4178-4E0F-9AD0-DA486B21DF1B}.Release|x86.Build.0 = Release|Win32
		{8A3E4CD7-25DE-4C35-A9F1-7FD58D68734D}.Debug|x64.ActiveCfg = Debug|x64
		{8A3E4CD7-25DE-4C35-A9F1-7FD58D68734D}.Debug|x64.Build.0 = Debug|x64
		{8A3E4CD7-25DE-4C35-A9F1-7FD58D68734D}.Debug|x86.ActiveCfg = Debug|Win32
		{8A3E4CD7-25DE-4C35-A9F1-7FD58D68734D}.Debug|x86.Build.0 = Debug|Win32
		{8A3E4CD7-25DE-4C35-A9F1-7FD58D68734D}.Release|x64.ActiveCfg = Release|x64
		{8A3E4CD7-25DE-4C35-A9F1-7FD58D68734D}.Release|x64.Build.0 = Release|x64
		{8A3E4CD7-25DE-4C35-A9F1-7FD58D68734D}.Release|x86.ActiveCfg = Release|Win32
		{8A3E4CD7-25DE-4C35-A9F1-7FD58D68734D}.Release|x86.Build.0 = Release|Win32
		{5A26AC18-737D-44CD-8B2E-3F23C70241D2}.Debug|x64.ActiveCfg = Debug|x64
		{5A26AC18-737D-44CD-8B2E-3F23C70241D2}.Debug|x64.Build.0 = Debug|x64
		{5A26AC18-737D-44CD-8B2E-3F23C70241D2}.Debug|x86.ActiveCfg = Debug|Win32
		{5A26AC18-737D-44CD-8B2E-3F23C70241D2}.Debug|x86.Build.0 = Debug|Win32
		{5A26AC18-737D-44CD-8B2E-3F23C70241D2}.Release|x64.ActiveCfg = Release|x64
		{5A26AC18-737D-44CD-8B2E-3F23C70241D2}.Release|x64.Build.0 = Release|x64
		{5A26AC18-737D-44CD-8B2E-3F23C70241D2}.Release|x86.ActiveCfg = Release|Win32
		{5A26AC18-737D-44CD-8B2E-3F23C70241D2}.Release|x86.Build.0 = Release|Win32
		{6E3C5759-D0AB-4976-A904-26C491CE0622}.Debug|x64.ActiveCfg = Debug|x64
		{6E3C5759-D0AB-4976-A904-26C491CE0622}.Debug|x64.Build.0 = Debug|x64
		{6E3C5759-D0AB-4976-A904-26C491CE0622}.Debug|x86.ActiveCfg = Debug|Win32
		{6E3C5759-D0AB-4976-A904-26C491CE0622}.Debug|x86.Build.0 = Debug|Win32
		{6E3C5759-D0AB-4976-A904-26C491CE0622}.Release|x64.ActiveCfg = Release|x64
		{6E3C5759-D0AB-4976-A904-26C491CE0622}.Release|x64.Build.0 = Release|x64
		{6E3C5759-D0AB-4976-A904-26C491CE0622}.Release|x86.ActiveCfg = Release|Win32
		{6E3C5759-D0AB-4976-A904-26C491CE0622}.Release|x86.Build.0 = Release|Win32
		{12B288AB-18F3-4415-A93E-BA001748DBF9}.Debug|x64.ActiveCfg = Debug|x64
		{12B288AB-18F3-4415-A93E-BA001748DBF9}.Debug|x64.Build.0 = Debug|x64
		{12B288AB-18F3-4415-A93E-BA001748DBF9}.Debug|x86.ActiveCfg = Debug|Win32
		{12B288AB-18F3-4415-A93E-BA001748DBF9}.Debug|x86.Build.0 = Debug|Win32
		{12B288AB-18F3-4415-A93E-BA001748DBF9}.Release|x64.ActiveCfg = Release|x64
		{12B288AB-18F3-4415-A93E-BA001748DBF9}.Release|x64.Build.0 = Release|x64
		{12B288AB-18F3-4415-A93E-BA001748DBF9}.Release|x86.ActiveCfg = Release|Win32
		{12B288AB-18F3-4415-A93E-BA001748DBF9}.Release|x86.Build.0 = Release|Win32
		{9AF1FDF9-2C4A-4FCA-9C49-ABB9392808C3}.Debug|x64.ActiveCfg = Debug|x64
		{9AF1FDF9-2C4A-4FCA-9C49-ABB9392808C3}.Debug|x64.Build.0 = Debug|x64
		{9AF1FDF9-2C4A-4FCA-9C49-ABB9392808C3}.Debug|x86.ActiveCfg = Debug|Win32
		{9AF1FDF9-2C4A-4FCA-9C49-ABB9392808C3}.Debug|x86.Build.0 = Debug|Win32
		{9AF1FDF9-2C4A-4FCA-9C49-ABB9392808C3}.Release|x64.ActiveCfg = Release|x64
		{9AF1FDF9-2C4A-4FCA-9C49-ABB9392808C3}.Release|x64.Build.0 = Release|x64
		{9AF1FDF9-2C4A-4FCA-9C49-ABB9392808C3}.Release|x86.ActiveCfg = Release|Win32
		{9AF1FDF9-2C4A-4FCA-9C49-ABB9392808C3}.Release|x86.Build.0 = Release|Win32
		{21054A51-C89F-428E-A860-CC066C34CD7B}.Debug|x64.ActiveCfg = Debug|x64
		{21054A51-C89F-428E-A860-CC066C34CD7B}.Debug|x64.Build.0 = Debug|x64
		{21054A51-C89F-428E-A860-CC066C34CD7B}.Debug|x86.ActiveCfg = Debug|Win32
		{21054A51-C89F-428E-A860-CC066C34CD7B}.Debug|x86.Build.0 = Debug|Win32
		{21054A51-C89F-428E-A860-CC066C34CD7B}.Release|x64.ActiveCfg = Release|x64
		{21054A51-C89F-428E-A860-CC066C34CD7B}.Release|x64.Build.0 = Release|x64
		{21054A51-C89F-428E-A860-CC066C34CD7B}.Release|x86.ActiveCfg = Release|Win32
		{21054A51-C89F-428E-A860-CC066C34CD7B}.Release|x86.Build.0 = Release|Win32
		{371EBDE2-CCA4-4773-B91B-058A74CA7880}.Debug|x64.ActiveCfg = Debug|x64
		{371EBDE2-CCA4-4773-B91B-058A74CA7880}.Debug|x64.Build.0 = Debug|x64
		{371EBDE2-CCA4-4773-B91B-058A74CA7880}.Debug|x86.ActiveCfg = Debug|Win32
		{371EBDE2-CCA4-4773-B91B-058A74CA7880}.Debug|x86.Build.0 = Debug|Win32
		{371EBDE2-CCA4-4773-B91B-058A74CA7880}.Release|x64.ActiveCfg = Release|x64
		{371EBDE2-CCA4-4773-B91B-058A74CA7880}.Release|x64.Build.0 = Release|x64
		{371EBDE2-CCA4-4773-B91B-058A74CA7880}.Release|x86.ActiveCfg = Release|Win32
		{371EBDE2-CCA4-4773-B91B-058A74CA7880}.Release|x86.Build.0 = Release|Win32
		{9006C941-A3CA-4FD7-82BF-93882F45AF85}.Debug|x64.ActiveCfg = Debug|x64
		{9006C941-A3CA-4FD7-82BF-93882F45AF85}.Debug|x64.Build.0 = Debug|x64
		{9006C941-A3CA-4FD7-82BF-93882F45AF85}.Debug|x86.ActiveCfg = Debug|Win32
		{9006C941-A3CA-4FD7-82BF-93882F45AF85}.Debug|x86.Build.0 = Debug|Win32
		{9006C941-A3CA-4FD7-82BF-93882F45AF85}.Release|x64.ActiveCfg = Release|x64
		{9006C941-A3CA-4FD7-82BF-93882F45AF85}.Release|x64.Build.0 = Release|x64
		{9006C941-A3CA-4FD7-82BF-93882F45AF85}.Release|x86.ActiveCfg = Release|Win32
		{9006C941-A3CA-4FD7-82BF-93882F45AF85}.Release|x86.Build.0 = Release|Win32
		{DB52FA01-6E35-46BD-A49D-66F25A24BF37}.Debug|x64.ActiveCfg = Debug|x64
		{DB52FA01-6E35-46BD-A49D-66F25A24BF37}.Debug|x64.Build.0 = Debug|x64
		{DB52FA01-6E35-46BD-A49D-66F25A24BF37}.Debug|x86.ActiveCfg = Debug|Win32
		{DB52FA01-6E35-46BD-A49D-66F25A24BF37}.Debug|x86.Build.0 = Debug|Win32
		{DB52FA01-6E35-46BD-A49D-66F25A24BF37}.Release|x64.ActiveCfg = Release|x64
		{DB52FA01-6E35-46BD-A49D-66F25A24BF37}.Release|x64.Build.0 = Release|x64
		{DB52FA01-6E35-46BD-A49D-66F25A24BF37}.Release|x86.ActiveCfg = Release|Win32
		{DB52FA01-6E35-46BD-A49D-66F25A24BF37}.Release|x86.Build.0 = Release|Win32
		{566F857F-C9C3-4568-B357-7D9AEB6E4569}.Debug|x64.ActiveCfg = Debug|x64
		{566F857F-C9C3-4568-B357-7D9AEB6E4569}.Debug|x64.Build.0 = Debug|x64
		{566F857F-C9C3-4568-B357-7D9AEB6E4569}.Debug|x86.ActiveCfg = Debug|Win32
		{566F857F-C9C3-4568-B357-7D9AEB6E4569}.Debug|x86.Build.0 = Debug|Win32
		{566F857F-C9C3-4568-B357-7D9AEB6E4569}.Release|x64.ActiveCfg = Release|x64
		{566F857F-C9C3-4568-B357-7D9AEB6E4569}.Release|x64.Build.0 = Release|x64
		{566F857F-C9C3-4568-B357-7D9AEB6E4569}.Release|x86.ActiveCfg = Release|Win32
		{566F857F-C9C3-4568-B357-7D9AEB6E4569}.Release|x86.Build.0 = Release|Win32
		{8A3F90A0-6501-4E4B-9A67-897B37472410}.Debug|x64.ActiveCfg = Debug|x64
		{8A3F90A0-6501-4E4B-9A67-897B37472410}.Debug|x64.Build.0 = Debug|x64
		{8A3F90A0-6501-4E4B-9A67-897B37472410}.Debug|x86.ActiveCfg = Debug|Win32
		{8A3F90A0-6501-4E4B-9A67-897B37472410}.Debug|x86.Build.0 = Debug|Win32
		{8A3F90A0-6501-4E4B-9A67-897B37472410}.Release|x64.ActiveCfg = Release|x64
		{8A3F90A0-6501-4E4B-9A67-897B37472410}.Release|x64.Build.0 = Release|x64
		{8A3F90A0-6501-4E4B-9A67-897B37472410}.Release|x86.ActiveCfg = Release|Win32
		{8A3F90A0-6501-4E4B-9A67-897B37472410}.Release|x86.Build.0 = Release|Win32
		{C3B08E9C-6462-4109-A5C7-9A0C6E1B1F73}.Debug|x64.ActiveCfg = Debug|x64
		{C3B08E9C-6462-4109-A5C7-9A0C6E1B1F73}.Debug|x64.Build.0 = Debug|x64
		{C3B08E9C-6462-4109-A5C7-9A0C6E1B1F73}.Debug|x86.ActiveCfg = Debug|Win32
		{C3B08E9C-6462-4109-A5C7-9A0C6E1B1F73}.Debug|x86.Build.0 = Debug|Win32
		{C3B08E9C-6462-4109-A5C7-9A0C6E1B1F73}.Release|x64.ActiveCfg = Release|x64
		{C3B08E9C-6462-4109-A5C7-9A0C6E1B1F73}.Release|x64.Build.0 = Release|x64
		{C3B08E9C-6462-4109-A5C7-9A0C6E1B1F73}.Release|x86.ActiveCfg = Release|Win32
		{C3B08E9C-6462-4109-A5C7-9A0C6E1B1F73}.Release|x86.Build.0 = Release|Win32
		{8CAD96A4-2C8E-481B-B1FA-E070D59E3E1E}.Debug|x64.ActiveCfg = Debug|x64
		{8CAD96A4-2C8E-481B-B1FA-E070D59E3E1E}.Debug|x64.Build.0 = Debug|x64
		{8CAD96A4-2C8E-481B-B1FA-E070D59E3E1E}.Debug|x86.ActiveCfg = Debug|Win32
		{8CAD96A4-2C8E-481B-B1FA-E070D59E3E1E}.Debug|x86.Build.0 = Debug|Win32
		{8CAD96A4-2C8E-481B-B1FA-E070D59E3E1E}.Release|x64.ActiveCfg = Release|x64
		{8CAD96A4-2C8E-481B-B1FA-E070D59E3E1E}.Release|x64.Build.0 = Release|x64
		{8CAD96A4-2C8E-481B-B1FA-E070D59E3E1E}.Release|x86.ActiveCfg = Release|Win32
		{8CAD96A4-2C8E-481B-B1FA-E070D59E3E1E}.Release|x86.Build.0 = Release|Win32
		{D53C812D-48C1-4C43-A3ED-EFBDFF8EC994}.Debug|x64.ActiveCfg = Debug|x64
		{D53C812D-48C1-4C43-A3ED-EFBDFF8EC994}.Debug|x64.Build.0 = Debug|x64
		{D53C812D-48C1-4C43-A3ED-EFBDFF8EC994}.Debug|x86.ActiveCfg = Debug|Win32
		{D53C812D-48C1-4C43-A3ED-EFBDFF8EC994}.Debug|x86.Build.0 = Debug|Win32
		{D53C812D-48C1-4C43-A3ED-EFBDFF8EC994}.Release|x64.ActiveCfg = Release|x64
		{D53C812D-48C1-4C43-A3ED-EFBDFF8EC994}.Release|x64.Build.0 = Release|x64
		{D53C812D-48C1-4C43-A3ED-EFBDFF8EC994}.Release|x86.ActiveCfg = Release|Win32
		{D53C812D-48C1-4C43-A3ED-EFBDFF8EC994}.Release|x86.Build.0 = Release|Win32
		{E8A959D3-E8C2-4389-A6F8-B64CEF491DE3}.Debug|x64.ActiveCfg = Debug|x64
		{E8A959D3-E8C2-4389-A6F8-B64CEF491DE3}.Debug|x64.Build.0 = Debug|x64
		{E8A959D3-E8C2-4389-A6F8-B64CEF491DE3}.Debug|x86.ActiveCfg = Debug|Win32
		{E8A959D3-E8C2-4389-A6F8-B64CEF491DE3}.Debug|x86.Build.0 = Debug|Win32
		{E8A959D3-E8C2-4389-A6F8-B64CEF491DE3}.Release|x64.ActiveCfg = Release|x64
		{E8A959D3-E8C2-4389-A6F8-B64CEF491DE3}.Release|x64.Build.0 = Release|x64
		{E8A959D3-E8C2-4389-A6F8-B64CEF491DE3}.Release|x86.ActiveCfg = Release|Win32
		{E8A959D3-E8C2-4389-A6F8-B64CEF491DE3}.Release|x86.Build.0 = Release|Win32
		{B9E47B44-3141-4F4C-92B3-EC840599EF87}.Debug|x64.ActiveCfg = Debug|x64
		{B9E47B44-3141-4F4C-92B3-EC840599EF87}.Debug|x64.Build.0 = Debug|x64
		{B9E47B44-3141-4F4C-92B3-EC840599EF87}.Debug|x86.ActiveCfg = Debug|Win32
		{B9E47B44-3141-4F4C-92B3-EC840599EF87}.Debug|x86.Build.0 = Debug|Win32
		{B9E47B44-3141-4F4C-92B3-EC840599EF87}.Release|x64.ActiveCfg = Release|x64
		{B9E47B44-3141-4F4C-92B3-EC840599EF87}.Release|x64.Build.0 = Release|x64
		{B9E47B44-3141-4F4C-92B3-EC840599EF87}.Release|x86.ActiveCfg = Release|Win32
		{B9E47B44-3141-4F4C-92B3-EC840599EF87}.Release|x86.Build.0 = Release|Win32
		{4805F91D-C16B-4CA7-BF5E-5401AEEB98EA}.Debug|x64.ActiveCfg = Debug|x64
		{4805F91D-C16B-4CA7-BF5E-5401AEEB98EA}.Debug|x64.Build.0 = Debug|x64
		{4805F91D-C16B-4CA7-BF5E-5401AEEB98EA}.Debug|x86.ActiveCfg = Debug|Win32
		{4805F91D-C16B-4CA7-BF5E-5401AEEB98EA}.Debug|x86.Build.0 = Debug|Win32
		{4805F91D-C16B-4CA7-BF5E-5401AEEB98EA}.Release|x64.ActiveCfg = Release|x64
		{4805F91D-C16B-4CA7-BF5E-5401AEEB98EA}.Release|x64.Build.0 = Release|x64
		{4805F91D-C16B-4CA7-BF5E-5401AEEB98EA}.Release|x86.ActiveCfg = Release|Win32
		{4805F91D-C16B-4CA7-BF5E-5401AEEB98EA}.Release|x86.Build.0 = Release|Win32
		{8EC24075-88CC-46DF-B7FF-84AB7D4756CB}.Debug|x64.ActiveCfg = Debug|x64
		{8EC24075-88CC-46DF-B7FF-84AB7D4756CB}.Debug|x64.Build.0 = Debug|x64
		{8EC24075-88CC-46DF-B7FF-84AB7D4756CB}.Debug|x86.ActiveCfg = Debug|Win32
		{8EC24075-88CC-46DF-B7FF-84AB7D4756CB}.Debug|x86.Build.0 = Debug|Win32
		{8EC24075-88CC-46DF-B7FF-84AB7D4756CB}.Release|x64.ActiveCfg = Release|x64
		{8EC24075-88CC-46DF-B7FF-84AB7D4756CB}.Release|x64.Build.0 = Release|x64
		{8EC24075-88CC-46DF-B7FF-84AB7D4756CB}.Release|x86.ActiveCfg = Release|Win32
		{8EC24075-88CC-46DF-B7FF-84AB7D4756CB}.Release|x86.Build.0 = Release|Win32
		{EF55A7CE-02F8-4458-89C5-65D575FE0985}.Debug|x64.ActiveCfg = Debug|x64
		{EF55A7CE-02F8-4458-89C5-65D575FE0985}.Debug|x64.Build.0 = Debug|x64
		{EF55A7CE-02F8-4458-89C5-65D575FE0985}.Debug|x86.ActiveCfg = Debug|Win32
		{EF55A7CE-02F8-4458-89C5-65D575FE0985}.Debug|x86.Build.0 = Debug|Win32
		{EF55A7CE-02F8-4458-89C5-65D575FE0985}.Release|x64.ActiveCfg = Release|x64
		{EF55A7CE-02F8-4458-89C5-65D575FE0985}.Release|x64.Build.0 = Release|x64
		{EF55A7CE-02F8-4458-89C5-65D575FE0985}.Release|x86.ActiveCfg = Release|Win32
		{EF55A7CE-02F8-4458-89C5-65D575FE0985}.Release|x86.Build.0 = Release|Win32
		{B4E4FE2E-87D2-40BC-9BCB-F49EFD8E8959}.Debug|x64.ActiveCfg = Debug|x64
		{B4E4FE2E-87D2-40BC-9BCB-F49EFD8E8959}.Debug|x64.Build.0 = Debug|x64
		{B4E4FE2E-87D2-40BC-9BCB-F49EFD8E8959}.Debug|x86.ActiveCfg = Debug|Win32
		{B4E4FE2E-87D2-40BC-9BCB-F49EFD8E8959}.Debug|x86.Build.0 = Debug|Win32
		{B4E4FE2E-87D2-40BC-9BCB-F49EFD8E8959}.Release|x64.ActiveCfg = Release|x64
		{B4E4FE2E-87D2-40BC-9BCB-F49EFD8E8959}.Release|x64.Build.0 = Release|x64
		{B4E4FE2E-87D2-40BC-9BCB-F49EFD8E8959}.Release|x86.ActiveCfg = Release|Win32
		{B4E4FE2E-87D2-40BC-9BCB-F49EFD8E8959}.Release|x86.Build.0 = Release|Win32
		{9562B9EE-25E2-4A78-868C-4B4D79B9D765}.Debug|x64.ActiveCfg = Debug|x64
		{9562B9EE-25E2-4A78-868C-4B4D79B9D765}.Debug|x64.Build.0 = Debug|x64
		{9562B9EE-25E2-4A78-868C-4B4D79B9D765}.Debug|x86.ActiveCfg = Debug|Win32
		{9562B9EE-25E2-4A78-868C-4B4D79B9D765}.Debug|x86.Build.0 = Debug|Win32
		{9562B9EE-25E2-4A78-868C-4B4D79B9D765}.Release|x64.ActiveCfg = Release|x64
		{9562B9EE-25E2-4A78-868C-4B4D79B9D765}.Release|x64.Build.0 = Release|x64
		{9562B9EE-25E2-4A78-868C-4B4D79B9D765}.Release|x86.ActiveCfg = Release|Win32
		{9562B9EE-25E2-4A78-868C-4B4D79B9D765}.Release|x86.Build.0 = Release|Win32
		{48B4CE0B-5C3E-4894-B452-7CB9B3785723}.Debug|x64.ActiveCfg = Debug|x64
		{48B4CE0B-5C3E-4894-B452-7CB9B3785723}.Debug|x64.Build.0 = Debug|x64
		{48B4CE0B-5C3E-4894-B452-7CB9B3785723}.Debug|x86.ActiveCfg = Debug|Win32
		{48B4CE0B-5C3E-4894-B452-7CB9B3785723}.Debug|x86.Build.0 = Debug|Win32
		{48B4CE0B-5C3E-4894-B452-7CB9B3785723}.Release|x64.ActiveCfg = Release|x64
		{48B4CE0B-5C3E-4894-B452-7CB9B3785723}.Release|x64.Build.0 = Release|x64
		{48B4CE0B-5C3E-4894-B452-7CB9B3785723}.Release|x86.ActiveCfg = Release|Win32
		{48B4CE0B-5C3E-4894-B452-7CB9B3785723}.Release|x86.Build.0 = Release|Win32
		{13190222-6342-4DD0-A843-974321CE2DCD}.Debug|x64.ActiveCfg = Debug|x64
		{13190222-6342-4DD0-A843-974321CE2DCD}.Debug|x64.Build.0 = Debug|x64
		{13190222-6342-4DD0-A843-974321CE2DCD}.Debug|x86.ActiveCfg = Debug|Win32
		{13190222-6342-4DD0-A843-974321CE2DCD}.Debug|x86.Build.0 = Debug|Win32
		{13190222-6342-4DD0-A843-974321CE2DCD}.Release|x64.ActiveCfg = Release|x64
		{13190222-6342-4DD0-A843-974321CE2DCD}.Release|x64.Build.0 = Release|x64
		{13190222-6342-4DD0-A843-974321CE2DCD}.Release|x86.ActiveCfg = Release|Win32
		{13190222-6342-4DD0-A843-974321CE2DCD}.Release|x86.Build.0 = Release|Win32
		{06F2A500-41B6-42B9-88F8-4DD000F0305D}.Debug|x64.ActiveCfg = Debug|x64
		{06F2A500-41B6-42B9-88F8-4DD000F0305D}.Debug|x64.Build.0 = Debug|x64
		{06F2A500-41B6-42B9-88F8-4DD000F0305D}.Debug|x86.ActiveCfg = Debug|Win32
		{06F2A500-41B6-42B9-88F8-4DD000F0305D}.Debug|x86.Build.0 = Debug|Win32
		{06F2A500-41B6-42B9-88F8-4DD000F0305D}.Release|x64.ActiveCfg = Release|x64
		{06F2A500-41B6-42B9-88F8-4DD000F0305D}.Release|x64.Build.0 = Release|x64
		{06F2A500-41B6-42B9-88F8-4DD000F0305D}.Release|x86.ActiveCfg = Release|Win32
		{06F2A500-41B6-42B9-88F8-4DD000F0305D}.Release|x86.Build.0 = Release|Win32
		{EED0BFD9-84F9-494D-8788-2BB2618A7E40}.Debug|x64.ActiveCfg = Debug|x64
		{EED0BFD9-84F9-494D-8788-2BB2618A7E40}.Debug|x64.Build.0 = Debug|x64
		{EED0BFD9-84F9-494D-8788-2BB2618A7E40}.Debug|x86.ActiveCfg = Debug|Win32
		{EED0BFD9-84F9-494D-8788-2BB2618A7E40}.Debug|x86.Build.0 = Debug|Win32
		{EED0BFD9-84F9-494D-8788-2BB2618A7E40}.Release|x64.ActiveCfg = Release|x64
		{EED0BFD9-84F9-494D-8788-2BB2618A7E40}.Release|x64.Build.0 = Release|x64
		{EED0BFD9-84F9-494D-8788-2BB2618A7E40}.Release|x86.ActiveCfg = Release|Win32
		{EED0BFD9-84F9-494D-8788-2BB2618A7E40}.Release|x86.Build.0 = Release|Win32
		{10529E32-48E5-4553-A8FA-8F3D810812F7}.Debug|x64.ActiveCfg = Debug|x64
		{10529E32-48E5-4553-A8FA-8F3D810812F7}.Debug|x64.Build.0 = Debug|x64
		{10529E32-48E5-4553-A8FA-8F3D810812F7}.Debug|x86.ActiveCfg = Debug|Win32
		{10529E32-48E5-4553-A8FA-8F3D810812F7}.Debug|x86.Build.0 = Debug|Win32
		{10529E32-48E5-4553-A8FA-8F3D810812F7}.Release|x64.ActiveCfg = Release|x64
		{10529E32-48E5-4553-A8FA-8F3D810812F7}.Release|x64.Build.0 = Release|x64
		{10529E32-48E5-4553-A8FA-8F3D810812F7}.Release|x86.ActiveCfg = Release|Win32
		{10529E32-48E5-4553-A8FA-8F3D810812F7}.Release|x86.Build.0 = Release|Win32
		{03586439-172F-4CC8-ACA7-2885BC0EF2DF}.Debug|x64.ActiveCfg = Debug|x64
		{03586439-172F-4CC8-ACA7-2885BC0EF2DF}.Debug|x64.Build.0 = Debug|x64
		{03586439-172F-4CC8-ACA7-2885BC0EF2DF}.Debug|x86.ActiveCfg = Debug|Win32
		{03586439-172F-4CC8-ACA7-2885BC0EF2DF}.Debug|x86.Build.0 = Debug|Win32
		{03586439-172F-4CC8-ACA7-2885BC0EF2DF}.Release|x64.ActiveCfg = Release|x64
		{03586439-172F-4CC8-ACA7-2885BC0EF2DF}.Release|x64.Build.0 = Release|x64
		{03586439-172F-4CC8-ACA7-2885BC0EF2DF}.Release|x86.ActiveCfg = Release|Win32
		{03586439-172F-4CC8-ACA7-2885BC0EF2DF}.Release|x86.Build.0 = Release|Win32
		{C1342846-8EE5-4148-B03C-BDD24A360F5D}.Debug|x64.ActiveCfg = Debug|x64
		{C1342846-8EE5-4148-B03C-BDD24A360F5D}.Debug|x64.Build.0 = Debug|x64
		{C1342846-8EE5-4148-B03C-BDD24A360F5D}.Debug|x86.ActiveCfg = Debug|Win32
		{C1342846-8EE5-4148-B03C-BDD24A360F5D}.Debug|x86.Build.0 = Debug|Win32
		{C1342846-8EE5-4148-B03C-BDD24A360F5D}.Release|x64.ActiveCfg = Release|x64
		{C1342846-8EE5-4148-B03C-BDD24A360F5D}.Release|x64.Build.0 = Release|x64
		{C1342846-8EE5-4148-B03C-BDD24A360F5D}.Release|x86.ActiveCfg = Release|Win32
		{C1342846-8EE5-4148-B03C-BDD24A360F5D}.Release|x86.Build.0 = Release|Win32
		{F94E2E2C-9D08-4415-A482-D65B65C325B1}.Debug|x64.ActiveCfg = Debug|x64
		{F94E2E2C-9D08-4415-A482-D65B65C325B1}.Debug|x64.Build.0 = Debug|x64
		{F94E2E2C-9D08-4415-A482-D65B65C325B1}.Debug|x86.ActiveCfg = Debug|Win32
		{F94E2E2C-9D08-4415-A482-D65B65C325B1}.Debug|x86.Build.0 = Debug|Win32
		{F94E2E2C-9D08-4415-A482-D65B65C325B1}.Release|x64.ActiveCfg = Release|x64
		{F94E2E2C-9D08-4415-A482-D65B65C325B1}.Release|x64.Build.0 = Release|x64
		{F94E2E2C-9D08-4415-A482-D65B65C325B1}.Release|x86.ActiveCfg = Release|Win32
		{F94E2E2C-9D08-4415-A482-D65B65C325B1}.Release|x86.Build.0 = Release|Win32
		{70B80600-F980-4F8B-9BFF-18FD33515E23}.Debug|x64.ActiveCfg = Debug|x64
		{70B80600-F980-4F8B-9BFF-18FD33515E23}.Debug|x64.Build.0 = Debug|x64
		{70B80600-F980-4F8B-9BFF-18FD33515E23}.Debug|x86.ActiveCfg = Debug|Win32
		{70B80600-F980-4F8B-9BFF-18FD33515E23}.Debug|x86.Build.0 = Debug|Win32
		{70B80600-F980-4F8B-9BFF-18FD33515E23}.Release|x64.ActiveCfg = Release|x64
		{70B80600-F980-4F8B-9BFF-18FD33515E23}.Release|x64.Build.0 = Release|x64
		{70B80600-F980-4F8B-9BFF-18FD33515E23}.Release|x86.ActiveCfg = Release|Win32
		{70B80600-F980-4F8B-9BFF-18FD33515E23}.Release|x86.Build.0 = Release|Win32
		{B028278B-1C7B-4714-B6EC-F41B958F9563}.Debug|x64.ActiveCfg = Debug|x64
		{B028278B-1C7B-4714-B6EC-F41B958F9563}.Debug|x64.Build.0 = Debug|x64
		{B028278B-1C7B-4714-B6EC-F41B958F9563}.Debug|x86.ActiveCfg = Debug|Win32
		{B028278B-1C7B-4714-B6EC-F41B958F9563}.Debug|x86.Build.0 = Debug|Win32
		{B028278B-1C7B-4714-B6EC-F41B958F9563}.Release|x64.ActiveCfg = Release|x64
		{B028278B-1C7B-4714-B6EC-F41B958F9563}.Release|x64.Build.0 = Release|x64
		{B028278B-1C7B-4714-B6EC-F41B958F9563}.Release|x86.ActiveCfg = Release|Win32
		{B028278B-1C7B-4714-B6EC-F41B958F9563}.Release|x86.Build.0 = Release|Win32
		{0972A4E3-C666-439F-8239-F0D9029F5556}.Debug|x64.ActiveCfg = Debug|x64
		{0972A4E3-C666-439F-8239-F0D9029F5556}.Debug|x64.Build.0 = Debug|x64
		{0972A4E3-C666-439F-8239-F0D9029F5556}.Debug|x86.ActiveCfg = Debug|Win32
		{0972A4E3-C666-439F-8239-F0D9029F5556}.Debug|x86.Build.0 = Debug|Win32
		{0972A4E3-C666-439F-8239-F0D9029F5556}.Release|x64.ActiveCfg = Release|x64
		{0972A4E3-C666-439F-8239-F0D9029F5556}.Release|x64.Build.0 = Release|x64
		{0972A4E3-C666-439F-8239-F0D9029F5556}.Release|x86.ActiveCfg = Release|Win32
		{0972A4E3-C666-439F-8239-F0D9029F5556}.Release|x86.Build.0 = Release|Win32
		{BA6DA3ED-AC89-4013-9611-1AEE268D2850}.Debug|x64.ActiveCfg = Debug|x64
		{BA6DA3ED-AC89-4013-9611-1AEE268D2850}.Debug|x64.Build.0 = Debug|x64
		{BA6DA3ED-AC89-4013-9611-1AEE268D2850}.Debug|x86.ActiveCfg = Debug|Win32
		{BA6DA3ED-AC89-4013-9611-1AEE268D2850}.Debug|x86.Build.0 = Debug|Win32
		{BA6DA3ED-AC89-4013-9611-1AEE268D2850}.Release|x64.ActiveCfg = Release|x64
		{BA6DA3ED-AC89-4013-9611-1AEE268D2850}.Release|x64.Build.0 = Release|x64
		{BA6DA3ED-AC89-4013-9611-1AEE268D2850}.Release|x86.ActiveCfg = Release|Win32
		{BA6DA3ED-AC89-4013-9611-1AEE268D2850}.Release|x86.Build.0 = Release|Win32
		{0395AFCB-563E-4BC8-ADC8-16AE4AC9A6EE}.Debug|x64.ActiveCfg = Debug|x64
		{0395AFCB-563E-4BC8-ADC8-16AE4AC9A6EE}.Debug|x64.Build.0 = Debug|x64
		{0395AFCB-563E-4BC8-ADC8-16AE4AC9A6EE}.Debug|x86.ActiveCfg = Debug|Win32
		{0395AFCB-563E-4BC8-ADC8-16AE4AC9A6EE}.Debug|x86.Build.0 = Debug|Win32
		{0395AFCB-563E-4BC8-ADC8-16AE4AC9A6EE}.Release|x64.ActiveCfg = Release|x64
		{0395AFCB-563E-4BC8-ADC8-16AE4AC9A6EE}.Release|x64.Build.0 = Release|x64
		{0395AFCB-563E-4BC8-ADC8-16AE4AC9A6EE}.Release|x86.ActiveCfg = Release|Win32
		{0395AFCB-563E-4BC8-ADC8-16AE4AC9A6EE}.Release|x86.Build.0 = Release|Win32
		{CB3D3823-B5CB-4E20-9149-2581932ED28D}.Debug|x64.ActiveCfg = Debug|x64
		{CB3D3823-B5CB-4E20-9149-2581932ED28D}.Debug|x64.Build.0 = Debug|x64
		{CB3D3823-B5CB-4E20-9149-2581932ED28D}.Debug|x86.ActiveCfg = Debug|Win32
		{CB3D3823-B5CB-4E20-9149-2581932ED28D}.Debug|x86.Build.0 = Debug|Win32
		{CB3D3823-B5CB-4E20-9149-2581932ED28D}.Release|x64.ActiveCfg = Release|x64
		{CB3D3823-B5CB-4E20-9149-2581932ED28D}.Release|x64.Build.0 = Release|x64
		{CB3D3823-B5CB-4E20-9149-2581932ED28D}.Release|x86.ActiveCfg = Release|Win32
		{CB3D3823-B5CB-4E20-9149-2581932ED28D}.Release|x86.Build.0 = Release|Win32
		{204E8D12-91DB-4120-ACE1-A9958034468F}.Debug|x64.ActiveCfg = Debug|x64
		{204E8D12-91DB-4120-ACE1-A9958034468F}.Debug|x64.Build.0 = Debug|x64
		{204E8D12-91DB-4120-ACE1-A9958034468F}.Debug|x86.ActiveCfg = Debug|Win32
		{204E8D12-91DB-4120-ACE1-A9958034468F}.Debug|x86.Build.0 = Debug|Win32
		{204E8D12-91DB-4120-ACE1-A9958034468F}.Release|x64.ActiveCfg = Release|x64
		{204E8D12-91DB-4120-ACE1-A9958034468F}.Release|x64.Build.0 = Release|x64
		{204E8D12-91DB-4120-ACE1-A9958034468F}.Release|x86.ActiveCfg = Release|Win32
		{204E8D12-91DB-4120-ACE1-A9958034468F}.Release|x86.Build.0 = Release|Win32
		{C4B1F68C-D0D1-4EAC-9198-CFE46FC3241F}.Debug|x64.ActiveCfg = Debug|x64
		{C4B1F68C-D0D1-4EAC-9198-CFE46FC3241F}.Debug|x64.Build.0 = Debug|x64
		{C4B1F68C-D0D1-4EAC-9198-CFE46FC3241F}.Debug|x86.ActiveCfg = Debug|Win32
		{C4B1F68C-D0D1-4EAC-9198-CFE46FC3241F}.Debug|x86.Build.0 = Debug|Win32
		{C4B1F68C-D0D1-4EAC-9198-CFE46FC3241F}.Release|x64.ActiveCfg = Release|x64
		{C4B1F68C-D0D1-4EAC-9198-CFE46FC3241F}.Release|x64.Build.0 = Release|x64
		{C4B1F68C-D0D1-4EAC-9198-CFE46FC3241F}.Release|x86.ActiveCfg = Release|Win32
		{C4B1F68C-D0D1-4EAC-9198-CFE46FC3241F}.Release|x86.Build.0 = Release|Win32
		{D803580F-8B6B-48E7-A5F0-5C79204F6EE2}.Debug|x64.ActiveCfg = Debug|x64
		{D803580F-8B6B-48E7-A5F0-5C79204F6EE2}.Debug|x64.Build.0 = Debug|x64
		{D803580F-8B6B-48E7-A5F0-5C79204F6EE2}.Debug|x86.ActiveCfg = Debug|Win32
		{D803580F-8B6B-48E7-A5F0-5C79204F6EE2}.Debug|x86.Build.0 = Debug|Win32
		{D803580F-8B6B-48E7-A5F0-5C79204F6EE2}.Release|x64.ActiveCfg = Release|x64
		{D803580F-8B6B-48E7-A5F0-5C79204F6EE2}.Release|x64.Build.0 = Release|x64
		{D803580F-8B6B-48E7-A5F0-5C79204F6EE2}.Release|x86.ActiveCfg = Release|Win32
		{D803580F-8B6B-48E7-A5F0-5C79204F6EE2}.Release|x86.Build.0 = Release|Win32
	EndGlobalSection
	GlobalSection(SolutionProperties) = preSolution
		HideSolutionNode = FALSE
	EndGlobalSection
	GlobalSection(NestedProjects) = preSolution
		{CADA5C47-3892-48EA-B5CA-BE1B50C9E1F0} = {9513D5F5-CDA5-447D-9B30-812E9D9E84B9}
		{90DBFEA2-F5DD-4F06-9069-D12828D250A0} = {544CB3D7-9E63-4C39-A8B1-4B9B765693DE}
		{AC5CF37E-6515-4E07-A799-7F83D8954D39} = {544CB3D7-9E63-4C39-A8B1-4B9B765693DE}
		{E33E47F2-2B5B-489C-9BD6-63B65015EDB4} = {544CB3D7-9E63-4C39-A8B1-4B9B765693DE}
		{EDF335DE-65A2-4C8F-B269-7D7CC73971D4} = {544CB3D7-9E63-4C39-A8B1-4B9B765693DE}
		{71AF83CF-E60F-4473-95AE-D4DD7D48B055} = {544CB3D7-9E63-4C39-A8B1-4B9B765693DE}
		{82628E7E-A90E-4EF5-87C1-7406582010FA} = {F8FCF21E-D56C-4C8B-93F2-02FC7DE9C5D9}
		{6E48A67A-4178-4E0F-9AD0-DA486B21DF1B} = {F8FCF21E-D56C-4C8B-93F2-02FC7DE9C5D9}
		{8A3E4CD7-25DE-4C35-A9F1-7FD58D68734D} = {F8FCF21E-D56C-4C8B-93F2-02FC7DE9C5D9}
		{5A26AC18-737D-44CD-8B2E-3F23C70241D2} = {81E73995-05C5-4064-90BE-FCCFFB68E51E}
		{6E3C5759-D0AB-4976-A904-26C491CE0622} = {81E73995-05C5-4064-90BE-FCCFFB68E51E}
		{12B288AB-18F3-4415-A93E-BA001748DBF9} = {81E73995-05C5-4064-90BE-FCCFFB68E51E}
		{9AF1FDF9-2C4A-4FCA-9C49-ABB9392808C3} = {BB5E6C7E-9AA6-4EB2-9312-58BC0D453B51}
		{21054A51-C89F-428E-A860-CC066C34CD7B} = {BB5E6C7E-9AA6-4EB2-9312-58BC0D453B51}
		{371EBDE2-CCA4-4773-B91B-058A74CA7880} = {E5407E4D-DF7E-43CC-90F3-AF6EEA378D47}
		{9006C941-A3CA-4FD7-82BF-93882F45AF85} = {E5407E4D-DF7E-43CC-90F3-AF6EEA378D47}
		{DB52FA01-6E35-46BD-A49D-66F25A24BF37} = {E5407E4D-DF7E-43CC-90F3-AF6EEA378D47}
		{566F857F-C9C3-4568-B357-7D9AEB6E4569} = {D8659DD8-C0F0-47AF-9679-638FC2325855}
		{8A3F90A0-6501-4E4B-9A67-897B37472410} = {D8659DD8-C0F0-47AF-9679-638FC2325855}
		{C3B08E9C-6462-4109-A5C7-9A0C6E1B1F73} = {BB5E6C7E-9AA6-4EB2-9312-58BC0D453B51}
		{8CAD96A4-2C8E-481B-B1FA-E070D59E3E1E} = {BB5E6C7E-9AA6-4EB2-9312-58BC0D453B51}
		{D53C812D-48C1-4C43-A3ED-EFBDFF8EC994} = {BB5E6C7E-9AA6-4EB2-9312-58BC0D453B51}
		{E8A959D3-E8C2-4389-A6F8-B64CEF491DE3} = {BB5E6C7E-9AA6-4EB2-9312-58BC0D453B51}
		{B9E47B44-3141-4F4C-92B3-EC840599EF87} = {BB5E6C7E-9AA6-4EB2-9312-58BC0D453B51}
		{4805F91D-C16B-4CA7-BF5E-5401AEEB98EA} = {0E69C91F-E2CF-4460-97F2-ABBC07C2C45A}
		{8EC24075-88CC-46DF-B7FF-84AB7D4756CB} = {0E69C91F-E2CF-4460-97F2-ABBC07C2C45A}
		{EF55A7CE-02F8-4458-89C5-65D575FE0985} = {77C273E0-618B-4D1D-AB4B-41A491D432F4}
		{B4E4FE2E-87D2-40BC-9BCB-F49EFD8E8959} = {77C273E0-618B-4D1D-AB4B-41A491D432F4}
		{9562B9EE-25E2-4A78-868C-4B4D79B9D765} = {77C273E0-618B-4D1D-AB4B-41A491D432F4}
		{48B4CE0B-5C3E-4894-B452-7CB9B3785723} = {CCB5BECA-6AEE-4F49-94EC-A3E2B71125DB}
		{13190222-6342-4DD0-A843-974321CE2DCD} = {CCB5BECA-6AEE-4F49-94EC-A3E2B71125DB}
		{CCB5BECA-6AEE-4F49-94EC-A3E2B71125DB} = {C8375303-BCD3-4034-94C6-C3A096440C9A}
		{06F2A500-41B6-42B9-88F8-4DD000F0305D} = {D141A873-7317-4B8F-AF27-48CB869D890B}
		{EED0BFD9-84F9-494D-8788-2BB2618A7E40} = {D141A873-7317-4B8F-AF27-48CB869D890B}
		{10529E32-48E5-4553-A8FA-8F3D810812F7} = {0D915755-CA7B-4D66-A2AD-82B61251DF21}
		{03586439-172F-4CC8-ACA7-2885BC0EF2DF} = {0D915755-CA7B-4D66-A2AD-82B61251DF21}
		{C1342846-8EE5-4148-B03C-BDD24A360F5D} = {BB5E6C7E-9AA6-4EB2-9312-58BC0D453B51}
		{F94E2E2C-9D08-4415-A482-D65B65C325B1} = {BB5E6C7E-9AA6-4EB2-9312-58BC0D453B51}
		{70B80600-F980-4F8B-9BFF-18FD33515E23} = {BB5E6C7E-9AA6-4EB2-9312-58BC0D453B51}
		{B028278B-1C7B-4714-B6EC-F41B958F9563} = {BB5E6C7E-9AA6-4EB2-9312-58BC0D453B51}
		{0972A4E3-C666-439F-8239-F0D9029F5556} = {BB5E6C7E-9AA6-4EB2-9312-58BC0D453B51}
		{BA6DA3ED-AC89-4013-9611-1AEE268D2850} = {BB5E6C7E-9AA6-4EB2-9312-58BC0D453B51}
		{0395AFCB-563E-4BC8-ADC8-16AE4AC9A6EE} = {BB5E6C7E-9AA6-4EB2-9312-58BC0D453B51}
		{CB3D3823-B5CB-4E20-9149-2581932ED28D} = {BB5E6C7E-9AA6-4EB2-9312-58BC0D453B51}
		{204E8D12-91DB-4120-ACE1-A9958034468F} = {F1463356-AD47-41C2-803B-3E5E9CFC616F}
		{C4B1F68C-D0D1-4EAC-9198-CFE46FC3241F} = {F1463356-AD47-41C2-803B-3E5E9CFC616F}
		{D803580F-8B6B-48E7-A5F0-5C79204F6EE2} = {F1463356-AD47-41C2-803B-3E5E9CFC616F}
	EndGlobalSection
	GlobalSection(ExtensibilityGlobals) = postSolution
		SolutionGuid = {29935B44-B2EE-4272-8519-20E6BF3D38E1}
	EndGlobalSection
EndGlobal
